
Microsoft Visual Studio Solution File, Format Version 12.00
# Visual Studio Version 17
VisualStudioVersion = 17.14.36202.13 d17.14
MinimumVisualStudioVersion = 10.0.40219.1
Project("{FAE04EC0-301F-11D3-BF4B-00C04F79EFBC}") = "Exercise01", "Exercise01\Exercise01.csproj", "{40F3BA32-3F46-4586-BC3B-74CB51EEE6F6}"
EndProject
Global
	GlobalSection(SolutionConfigurationPlatforms) = preSolution
		Debug|Any CPU = Debug|Any CPU
		Release|Any CPU = Release|Any CPU
	EndGlobalSection
	GlobalSection(ProjectConfigurationPlatforms) = postSolution
		{40F3BA32-3F46-4586-BC3B-74CB51EEE6F6}.Debug|Any CPU.ActiveCfg = Debug|Any CPU
		{40F3BA32-3F46-4586-BC3B-74CB51EEE6F6}.Debug|Any CPU.Build.0 = Debug|Any CPU
		{40F3BA32-3F46-4586-BC3B-74CB51EEE6F6}.Release|Any CPU.ActiveCfg = Release|Any CPU
		{40F3BA32-3F46-4586-BC3B-74CB51EEE6F6}.Release|Any CPU.Build.0 = Release|Any CPU
	EndGlobalSection
	GlobalSection(SolutionProperties) = preSolution
		HideSolutionNode = FALSE
	EndGlobalSection
	GlobalSection(ExtensibilityGlobals) = postSolution
		SolutionGuid = {CF9C410D-2589-4DA6-BC1D-7C8F96D08C83}
	EndGlobalSection
EndGlobal
