
Microsoft Visual Studio Solution File, Format Version 12.00
# Visual Studio Version 17
VisualStudioVersion = 17.14.36202.13 d17.14
MinimumVisualStudioVersion = 10.0.40219.1
Project("{FAE04EC0-301F-11D3-BF4B-00C04F79EFBC}") = "Course09", "Course09\Course09.csproj", "{956E8EEA-7B20-4BCA-8FEB-D330A7CC535C}"
EndProject
Global
	GlobalSection(SolutionConfigurationPlatforms) = preSolution
		Debug|Any CPU = Debug|Any CPU
		Release|Any CPU = Release|Any CPU
	EndGlobalSection
	GlobalSection(ProjectConfigurationPlatforms) = postSolution
		{956E8EEA-7B20-4BCA-8FEB-D330A7CC535C}.Debug|Any CPU.ActiveCfg = Debug|Any CPU
		{956E8EEA-7B20-4BCA-8FEB-D330A7CC535C}.Debug|Any CPU.Build.0 = Debug|Any CPU
		{956E8EEA-7B20-4BCA-8FEB-D330A7CC535C}.Release|Any CPU.ActiveCfg = Release|Any CPU
		{956E8EEA-7B20-4BCA-8FEB-D330A7CC535C}.Release|Any CPU.Build.0 = Release|Any CPU
	EndGlobalSection
	GlobalSection(SolutionProperties) = preSolution
		HideSolutionNode = FALSE
	EndGlobalSection
	GlobalSection(ExtensibilityGlobals) = postSolution
		SolutionGuid = {58BB39B9-BA45-46C8-9796-74D2C18A0940}
	EndGlobalSection
EndGlobal
