
Microsoft Visual Studio Solution File, Format Version 12.00
# Visual Studio Version 17
VisualStudioVersion = 17.14.36202.13 d17.14
MinimumVisualStudioVersion = 10.0.40219.1
Project("{FAE04EC0-301F-11D3-BF4B-00C04F79EFBC}") = "Course08", "Course08\Course08.csproj", "{8940D99B-0A26-4D91-BD47-99A3CA2BABF2}"
EndProject
Global
	GlobalSection(SolutionConfigurationPlatforms) = preSolution
		Debug|Any CPU = Debug|Any CPU
		Release|Any CPU = Release|Any CPU
	EndGlobalSection
	GlobalSection(ProjectConfigurationPlatforms) = postSolution
		{8940D99B-0A26-4D91-BD47-99A3CA2BABF2}.Debug|Any CPU.ActiveCfg = Debug|Any CPU
		{8940D99B-0A26-4D91-BD47-99A3CA2BABF2}.Debug|Any CPU.Build.0 = Debug|Any CPU
		{8940D99B-0A26-4D91-BD47-99A3CA2BABF2}.Release|Any CPU.ActiveCfg = Release|Any CPU
		{8940D99B-0A26-4D91-BD47-99A3CA2BABF2}.Release|Any CPU.Build.0 = Release|Any CPU
	EndGlobalSection
	GlobalSection(SolutionProperties) = preSolution
		HideSolutionNode = FALSE
	EndGlobalSection
	GlobalSection(ExtensibilityGlobals) = postSolution
		SolutionGuid = {3C83BA28-935D-47B9-8812-4409A6F2239C}
	EndGlobalSection
EndGlobal
