
Microsoft Visual Studio Solution File, Format Version 12.00
# Visual Studio Version 17
VisualStudioVersion = 17.14.36202.13 d17.14
MinimumVisualStudioVersion = 10.0.40219.1
Project("{FAE04EC0-301F-11D3-BF4B-00C04F79EFBC}") = "Modulo02_Exercicio01", "Modulo02_Exercicio01\Modulo02_Exercicio01.csproj", "{C323F1CA-DF5D-4DEF-896D-C9B8562C2AE9}"
EndProject
Global
	GlobalSection(SolutionConfigurationPlatforms) = preSolution
		Debug|Any CPU = Debug|Any CPU
		Release|Any CPU = Release|Any CPU
	EndGlobalSection
	GlobalSection(ProjectConfigurationPlatforms) = postSolution
		{C323F1CA-DF5D-4DEF-896D-C9B8562C2AE9}.Debug|Any CPU.ActiveCfg = Debug|Any CPU
		{C323F1CA-DF5D-4DEF-896D-C9B8562C2AE9}.Debug|Any CPU.Build.0 = Debug|Any CPU
		{C323F1CA-DF5D-4DEF-896D-C9B8562C2AE9}.Release|Any CPU.ActiveCfg = Release|Any CPU
		{C323F1CA-DF5D-4DEF-896D-C9B8562C2AE9}.Release|Any CPU.Build.0 = Release|Any CPU
	EndGlobalSection
	GlobalSection(SolutionProperties) = preSolution
		HideSolutionNode = FALSE
	EndGlobalSection
	GlobalSection(ExtensibilityGlobals) = postSolution
		SolutionGuid = {F4843E28-2EA1-4340-9D70-22C5C90A1409}
	EndGlobalSection
EndGlobal
