
Microsoft Visual Studio Solution File, Format Version 12.00
# Visual Studio Version 17
VisualStudioVersion = 17.14.36202.13 d17.14
MinimumVisualStudioVersion = 10.0.40219.1
Project("{FAE04EC0-301F-11D3-BF4B-00C04F79EFBC}") = "Course10", "Course10\Course10.csproj", "{C07EFF11-CA90-4924-ACBF-69D48D8645B0}"
EndProject
Global
	GlobalSection(SolutionConfigurationPlatforms) = preSolution
		Debug|Any CPU = Debug|Any CPU
		Release|Any CPU = Release|Any CPU
	EndGlobalSection
	GlobalSection(ProjectConfigurationPlatforms) = postSolution
		{C07EFF11-CA90-4924-ACBF-69D48D8645B0}.Debug|Any CPU.ActiveCfg = Debug|Any CPU
		{C07EFF11-CA90-4924-ACBF-69D48D8645B0}.Debug|Any CPU.Build.0 = Debug|Any CPU
		{C07EFF11-CA90-4924-ACBF-69D48D8645B0}.Release|Any CPU.ActiveCfg = Release|Any CPU
		{C07EFF11-CA90-4924-ACBF-69D48D8645B0}.Release|Any CPU.Build.0 = Release|Any CPU
	EndGlobalSection
	GlobalSection(SolutionProperties) = preSolution
		HideSolutionNode = FALSE
	EndGlobalSection
	GlobalSection(ExtensibilityGlobals) = postSolution
		SolutionGuid = {9B114049-337F-4CAB-86E0-6B64ED3A25B2}
	EndGlobalSection
EndGlobal
