
Microsoft Visual Studio Solution File, Format Version 12.00
# Visual Studio Version 17
VisualStudioVersion = 17.14.36121.58 d17.14
MinimumVisualStudioVersion = 10.0.40219.1
Project("{FAE04EC0-301F-11D3-BF4B-00C04F79EFBC}") = "Course", "Course\Course.csproj", "{16E113B4-68C1-4719-97F4-DB33B631719C}"
EndProject
Global
	GlobalSection(SolutionConfigurationPlatforms) = preSolution
		Debug|Any CPU = Debug|Any CPU
		Release|Any CPU = Release|Any CPU
	EndGlobalSection
	GlobalSection(ProjectConfigurationPlatforms) = postSolution
		{16E113B4-68C1-4719-97F4-DB33B631719C}.Debug|Any CPU.ActiveCfg = Debug|Any CPU
		{16E113B4-68C1-4719-97F4-DB33B631719C}.Debug|Any CPU.Build.0 = Debug|Any CPU
		{16E113B4-68C1-4719-97F4-DB33B631719C}.Release|Any CPU.ActiveCfg = Release|Any CPU
		{16E113B4-68C1-4719-97F4-DB33B631719C}.Release|Any CPU.Build.0 = Release|Any CPU
	EndGlobalSection
	GlobalSection(SolutionProperties) = preSolution
		HideSolutionNode = FALSE
	EndGlobalSection
	GlobalSection(ExtensibilityGlobals) = postSolution
		SolutionGuid = {8FFE89A7-A37B-4A19-9002-B765EC805DD5}
	EndGlobalSection
EndGlobal
